
Microsoft Visual Studio Solution File, Format Version 12.00
# Visual Studio 2012
Project("{FAE04EC0-301F-11D3-BF4B-00C04F79EFBC}") = "wpadzan", "wpadzan\wpadzan.csproj", "{92E60869-5606-4B8A-ADE9-A83299B454D7}"
EndProject
Project("{FAE04EC0-301F-11D3-BF4B-00C04F79EFBC}") = "Prism.Interactivity", "Prism.Interactivity\Prism.Interactivity.csproj", "{F3CC2EF9-B092-498A-A7D7-E52DE5370700}"
EndProject
Project("{FAE04EC0-301F-11D3-BF4B-00C04F79EFBC}") = "Prism", "Prism\Prism.csproj", "{3BC829AC-1DE8-48A7-BE0C-D96CFE6CF0EA}"
EndProject
Project("{FAE04EC0-301F-11D3-BF4B-00C04F79EFBC}") = "wpadzan.themes", "wpadzan.themes\wpadzan.themes.csproj", "{77300CF6-BE27-48E4-8C39-B2BBFFD8ED76}"
EndProject
Global
	GlobalSection(SolutionConfigurationPlatforms) = preSolution
		Debug|Any CPU = Debug|Any CPU
		Release|Any CPU = Release|Any CPU
	EndGlobalSection
	GlobalSection(ProjectConfigurationPlatforms) = postSolution
		{92E60869-5606-4B8A-ADE9-A83299B454D7}.Debug|Any CPU.ActiveCfg = Debug|Any CPU
		{92E60869-5606-4B8A-ADE9-A83299B454D7}.Debug|Any CPU.Build.0 = Debug|Any CPU
		{92E60869-5606-4B8A-ADE9-A83299B454D7}.Debug|Any CPU.Deploy.0 = Debug|Any CPU
		{92E60869-5606-4B8A-ADE9-A83299B454D7}.Release|Any CPU.ActiveCfg = Release|Any CPU
		{92E60869-5606-4B8A-ADE9-A83299B454D7}.Release|Any CPU.Build.0 = Release|Any CPU
		{92E60869-5606-4B8A-ADE9-A83299B454D7}.Release|Any CPU.Deploy.0 = Release|Any CPU
		{F3CC2EF9-B092-498A-A7D7-E52DE5370700}.Debug|Any CPU.ActiveCfg = Debug|Any CPU
		{F3CC2EF9-B092-498A-A7D7-E52DE5370700}.Debug|Any CPU.Build.0 = Debug|Any CPU
		{F3CC2EF9-B092-498A-A7D7-E52DE5370700}.Release|Any CPU.ActiveCfg = Release|Any CPU
		{F3CC2EF9-B092-498A-A7D7-E52DE5370700}.Release|Any CPU.Build.0 = Release|Any CPU
		{3BC829AC-1DE8-48A7-BE0C-D96CFE6CF0EA}.Debug|Any CPU.ActiveCfg = Debug|Any CPU
		{3BC829AC-1DE8-48A7-BE0C-D96CFE6CF0EA}.Debug|Any CPU.Build.0 = Debug|Any CPU
		{3BC829AC-1DE8-48A7-BE0C-D96CFE6CF0EA}.Release|Any CPU.ActiveCfg = Release|Any CPU
		{3BC829AC-1DE8-48A7-BE0C-D96CFE6CF0EA}.Release|Any CPU.Build.0 = Release|Any CPU
		{77300CF6-BE27-48E4-8C39-B2BBFFD8ED76}.Debug|Any CPU.ActiveCfg = Debug|Any CPU
		{77300CF6-BE27-48E4-8C39-B2BBFFD8ED76}.Debug|Any CPU.Build.0 = Debug|Any CPU
		{77300CF6-BE27-48E4-8C39-B2BBFFD8ED76}.Release|Any CPU.ActiveCfg = Release|Any CPU
		{77300CF6-BE27-48E4-8C39-B2BBFFD8ED76}.Release|Any CPU.Build.0 = Release|Any CPU
	EndGlobalSection
	GlobalSection(SolutionProperties) = preSolution
		HideSolutionNode = FALSE
	EndGlobalSection
EndGlobal
